
Microsoft Visual Studio Solution File, Format Version 12.00
# Visual Studio Version 16
VisualStudioVersion = 16.0.29306.81
MinimumVisualStudioVersion = 10.0.40219.1
Project("{FAE04EC0-301F-11D3-BF4B-00C04F79EFBC}") = "QLCHLT", "QLCHLT\QLCHLT.csproj", "{7D0D89C1-BB7C-4C84-A7E9-D29AAFEAE15D}"
EndProject
Global
	GlobalSection(SolutionConfigurationPlatforms) = preSolution
		Debug|Any CPU = Debug|Any CPU
		Release|Any CPU = Release|Any CPU
	EndGlobalSection
	GlobalSection(ProjectConfigurationPlatforms) = postSolution
		{7D0D89C1-BB7C-4C84-A7E9-D29AAFEAE15D}.Debug|Any CPU.ActiveCfg = Debug|Any CPU
		{7D0D89C1-BB7C-4C84-A7E9-D29AAFEAE15D}.Debug|Any CPU.Build.0 = Debug|Any CPU
		{7D0D89C1-BB7C-4C84-A7E9-D29AAFEAE15D}.Release|Any CPU.ActiveCfg = Release|Any CPU
		{7D0D89C1-BB7C-4C84-A7E9-D29AAFEAE15D}.Release|Any CPU.Build.0 = Release|Any CPU
	EndGlobalSection
	GlobalSection(SolutionProperties) = preSolution
		HideSolutionNode = FALSE
	EndGlobalSection
	GlobalSection(ExtensibilityGlobals) = postSolution
		SolutionGuid = {D068779B-7A36-4319-9F1D-466EDE3144AF}
	EndGlobalSection
EndGlobal
